
Microsoft Visual Studio Solution File, Format Version 12.00
# Visual Studio Version 16
VisualStudioVersion = 16.0.30323.4
MinimumVisualStudioVersion = 10.0.40219.1
Project("{FAE04EC0-301F-11D3-BF4B-00C04F79EFBC}") = "SkiaSharpBlazorComponents", "SkiaSharpBlazorComponents\SkiaSharpBlazorComponents.csproj", "{48844E92-9DE0-4D68-8CCF-EA63CCDBC255}"
EndProject
Global
	GlobalSection(SolutionConfigurationPlatforms) = preSolution
		Debug|Any CPU = Debug|Any CPU
		Release|Any CPU = Release|Any CPU
	EndGlobalSection
	GlobalSection(ProjectConfigurationPlatforms) = postSolution
		{48844E92-9DE0-4D68-8CCF-EA63CCDBC255}.Debug|Any CPU.ActiveCfg = Debug|Any CPU
		{48844E92-9DE0-4D68-8CCF-EA63CCDBC255}.Debug|Any CPU.Build.0 = Debug|Any CPU
		{48844E92-9DE0-4D68-8CCF-EA63CCDBC255}.Release|Any CPU.ActiveCfg = Release|Any CPU
		{48844E92-9DE0-4D68-8CCF-EA63CCDBC255}.Release|Any CPU.Build.0 = Release|Any CPU
	EndGlobalSection
	GlobalSection(SolutionProperties) = preSolution
		HideSolutionNode = FALSE
	EndGlobalSection
	GlobalSection(ExtensibilityGlobals) = postSolution
		SolutionGuid = {29AB235C-BD8E-4CFB-8F02-C564AE310EEF}
	EndGlobalSection
EndGlobal
